
Microsoft Visual Studio Solution File, Format Version 12.00
# Visual Studio 15
VisualStudioVersion = 15.0.28307.1433
MinimumVisualStudioVersion = 10.0.40219.1
Project("{8BC9CEB8-8B4A-11D0-8D11-00A0C91BC942}") = "ConsoleApplication1", "ConsoleApplication1\ConsoleApplication1.vcxproj", "{2F9520DA-B99B-4611-A2B8-35C6081305F9}"
EndProject
Global
	GlobalSection(SolutionConfigurationPlatforms) = preSolution
		Debug|x64 = Debug|x64
		Debug|x86 = Debug|x86
		Release|x64 = Release|x64
		Release|x86 = Release|x86
	EndGlobalSection
	GlobalSection(ProjectConfigurationPlatforms) = postSolution
		{2F9520DA-B99B-4611-A2B8-35C6081305F9}.Debug|x64.ActiveCfg = Debug|x64
		{2F9520DA-B99B-4611-A2B8-35C6081305F9}.Debug|x64.Build.0 = Debug|x64
		{2F9520DA-B99B-4611-A2B8-35C6081305F9}.Debug|x86.ActiveCfg = Debug|Win32
		{2F9520DA-B99B-4611-A2B8-35C6081305F9}.Debug|x86.Build.0 = Debug|Win32
		{2F9520DA-B99B-4611-A2B8-35C6081305F9}.Release|x64.ActiveCfg = Release|x64
		{2F9520DA-B99B-4611-A2B8-35C6081305F9}.Release|x64.Build.0 = Release|x64
		{2F9520DA-B99B-4611-A2B8-35C6081305F9}.Release|x86.ActiveCfg = Release|Win32
		{2F9520DA-B99B-4611-A2B8-35C6081305F9}.Release|x86.Build.0 = Release|Win32
	EndGlobalSection
	GlobalSection(SolutionProperties) = preSolution
		HideSolutionNode = FALSE
	EndGlobalSection
	GlobalSection(ExtensibilityGlobals) = postSolution
		SolutionGuid = {1B0B72B6-2AFB-4B4D-BDBF-02AC5E798A8F}
	EndGlobalSection
EndGlobal
